
Microsoft Visual Studio Solution File, Format Version 12.00
# Visual Studio Version 16
VisualStudioVersion = 16.0.31702.278
MinimumVisualStudioVersion = 10.0.40219.1
Project("{FAE04EC0-301F-11D3-BF4B-00C04F79EFBC}") = "ColeccionesIIIQueue", "ColeccionesIIIQueue\ColeccionesIIIQueue.csproj", "{AB7AFDBC-3FCF-4A77-90FD-895655E88EF1}"
EndProject
Global
	GlobalSection(SolutionConfigurationPlatforms) = preSolution
		Debug|Any CPU = Debug|Any CPU
		Release|Any CPU = Release|Any CPU
	EndGlobalSection
	GlobalSection(ProjectConfigurationPlatforms) = postSolution
		{AB7AFDBC-3FCF-4A77-90FD-895655E88EF1}.Debug|Any CPU.ActiveCfg = Debug|Any CPU
		{AB7AFDBC-3FCF-4A77-90FD-895655E88EF1}.Debug|Any CPU.Build.0 = Debug|Any CPU
		{AB7AFDBC-3FCF-4A77-90FD-895655E88EF1}.Release|Any CPU.ActiveCfg = Release|Any CPU
		{AB7AFDBC-3FCF-4A77-90FD-895655E88EF1}.Release|Any CPU.Build.0 = Release|Any CPU
	EndGlobalSection
	GlobalSection(SolutionProperties) = preSolution
		HideSolutionNode = FALSE
	EndGlobalSection
	GlobalSection(ExtensibilityGlobals) = postSolution
		SolutionGuid = {17A26713-8978-4868-9855-A686D70615AE}
	EndGlobalSection
EndGlobal
